
Microsoft Visual Studio Solution File, Format Version 12.00
# Visual Studio Version 16
VisualStudioVersion = 16.0.30621.155
MinimumVisualStudioVersion = 10.0.40219.1
Project("{FAE04EC0-301F-11D3-BF4B-00C04F79EFBC}") = "ConsoleUI", "ConsoleUI\ConsoleUI.csproj", "{931F247B-1EAC-4D79-8676-25294C7380B6}"
EndProject
Project("{FAE04EC0-301F-11D3-BF4B-00C04F79EFBC}") = "GuestBookLibrary", "GuestBookLibrary\GuestBookLibrary.csproj", "{C6A7E139-6888-4FBF-992F-4E7A8F061851}"
EndProject
Global
	GlobalSection(SolutionConfigurationPlatforms) = preSolution
		Debug|Any CPU = Debug|Any CPU
		Release|Any CPU = Release|Any CPU
	EndGlobalSection
	GlobalSection(ProjectConfigurationPlatforms) = postSolution
		{931F247B-1EAC-4D79-8676-25294C7380B6}.Debug|Any CPU.ActiveCfg = Debug|Any CPU
		{931F247B-1EAC-4D79-8676-25294C7380B6}.Debug|Any CPU.Build.0 = Debug|Any CPU
		{931F247B-1EAC-4D79-8676-25294C7380B6}.Release|Any CPU.ActiveCfg = Release|Any CPU
		{931F247B-1EAC-4D79-8676-25294C7380B6}.Release|Any CPU.Build.0 = Release|Any CPU
		{C6A7E139-6888-4FBF-992F-4E7A8F061851}.Debug|Any CPU.ActiveCfg = Debug|Any CPU
		{C6A7E139-6888-4FBF-992F-4E7A8F061851}.Debug|Any CPU.Build.0 = Debug|Any CPU
		{C6A7E139-6888-4FBF-992F-4E7A8F061851}.Release|Any CPU.ActiveCfg = Release|Any CPU
		{C6A7E139-6888-4FBF-992F-4E7A8F061851}.Release|Any CPU.Build.0 = Release|Any CPU
	EndGlobalSection
	GlobalSection(SolutionProperties) = preSolution
		HideSolutionNode = FALSE
	EndGlobalSection
	GlobalSection(ExtensibilityGlobals) = postSolution
		SolutionGuid = {FD713533-5FE4-47B9-BF7A-9DBDE1CE8461}
	EndGlobalSection
EndGlobal
